{
  "version": "5",
  "specifiers": {
    "jsr:@david/console-static-text@0.3": "0.3.0",
    "jsr:@david/dax@~0.43.2": "0.43.2",
    "jsr:@david/path@0.2": "0.2.0",
    "jsr:@david/which@~0.4.1": "0.4.1",
    "jsr:@iroha/client@0.5.0-alpha": "0.5.0-alpha",
    "jsr:@iroha/core@0.5.0-alpha": "0.5.0-alpha",
    "jsr:@iroha/core@~0.5.0-alpha": "0.5.0-alpha",
    "jsr:@std/assert@^1.0.11": "1.0.14",
    "jsr:@std/assert@^1.0.13": "1.0.14",
    "jsr:@std/async@^1.0.14": "1.0.14",
    "jsr:@std/bytes@^1.0.5": "1.0.6",
    "jsr:@std/collections@^1.1.1": "1.1.2",
    "jsr:@std/encoding@^1.0.7": "1.0.10",
    "jsr:@std/fmt@1": "1.0.8",
    "jsr:@std/fs@1": "1.0.19",
    "jsr:@std/fs@^1.0.19": "1.0.19",
    "jsr:@std/internal@^1.0.10": "1.0.10",
    "jsr:@std/internal@^1.0.9": "1.0.10",
    "jsr:@std/io@0.225": "0.225.2",
    "jsr:@std/path@1": "1.1.2",
    "jsr:@std/path@^1.1.1": "1.1.2",
    "jsr:@std/toml@*": "1.0.8",
    "jsr:@std/toml@^1.0.8": "1.0.8",
    "jsr:@std/yaml@*": "1.0.9",
    "jsr:@std/yaml@^1.0.9": "1.0.9",
    "npm:@faker-js/faker@^9.9.0": "9.9.0",
    "npm:@scale-codec/core@^2.0.1": "2.0.1",
    "npm:@types/node@*": "22.15.15",
    "npm:emittery@^1.1.0": "1.2.0",
    "npm:p-defer@^4.0.1": "4.0.1",
    "npm:pino-pretty@^13.1.1": "13.1.1",
    "npm:pino@10": "10.0.0",
    "npm:true-myth@^9.0.1": "9.0.1",
    "npm:ts-pattern@^5.8.0": "5.8.0",
    "npm:type-fest@^4.33.0": "4.41.0",
    "npm:zod@^4.1.11": "4.1.11"
  },
  "jsr": {
    "@david/console-static-text@0.3.0": {
      "integrity": "2dfb46ecee525755f7989f94ece30bba85bd8ffe3e8666abc1bf926e1ee0698d"
    },
    "@david/dax@0.43.2": {
      "integrity": "8c7df175465d994c0e3568e3eb91102768c2f1c86d2a513d7fc4cab13f9cb328",
      "dependencies": [
        "jsr:@david/console-static-text",
        "jsr:@david/path",
        "jsr:@david/which",
        "jsr:@std/fmt",
        "jsr:@std/fs@1",
        "jsr:@std/io",
        "jsr:@std/path@1"
      ]
    },
    "@david/path@0.2.0": {
      "integrity": "f2d7aa7f02ce5a55e27c09f9f1381794acb09d328f8d3c8a2e3ab3ffc294dccd",
      "dependencies": [
        "jsr:@std/fs@1",
        "jsr:@std/path@1"
      ]
    },
    "@david/which@0.4.1": {
      "integrity": "896a682b111f92ab866cc70c5b4afab2f5899d2f9bde31ed00203b9c250f225e"
    },
    "@iroha/client@0.5.0-alpha": {
      "integrity": "37cbf8cb120542268636f34b78f57718f9811916415bb0c306b7ac4bd316e161",
      "dependencies": [
        "jsr:@iroha/core@~0.5.0-alpha",
        "jsr:@std/assert@^1.0.11",
        "npm:emittery",
        "npm:p-defer",
        "npm:type-fest"
      ]
    },
    "@iroha/core@0.5.0-alpha": {
      "integrity": "3bdc20b5af69434e926499da4f9e35eccb5d7da6596f68523ced60204ab38b6c",
      "dependencies": [
        "jsr:@std/assert@^1.0.11",
        "jsr:@std/encoding",
        "npm:@scale-codec/core",
        "npm:type-fest"
      ]
    },
    "@std/assert@1.0.14": {
      "integrity": "68d0d4a43b365abc927f45a9b85c639ea18a9fab96ad92281e493e4ed84abaa4",
      "dependencies": [
        "jsr:@std/internal@^1.0.10"
      ]
    },
    "@std/async@1.0.14": {
      "integrity": "62e954a418652c704d37563a3e54a37d4cf0268a9dcaeac1660cc652880b5326"
    },
    "@std/bytes@1.0.6": {
      "integrity": "f6ac6adbd8ccd99314045f5703e23af0a68d7f7e58364b47d2c7f408aeb5820a"
    },
    "@std/collections@1.1.2": {
      "integrity": "f1685dd45c3ec27c39d0e8a642ccf810f391ec8a6cb5e7355926e6dacc64c43e"
    },
    "@std/encoding@1.0.10": {
      "integrity": "8783c6384a2d13abd5e9e87a7ae0520a30e9f56aeeaa3bdf910a3eaaf5c811a1"
    },
    "@std/fmt@1.0.8": {
      "integrity": "71e1fc498787e4434d213647a6e43e794af4fd393ef8f52062246e06f7e372b7"
    },
    "@std/fs@1.0.19": {
      "integrity": "051968c2b1eae4d2ea9f79a08a3845740ef6af10356aff43d3e2ef11ed09fb06",
      "dependencies": [
        "jsr:@std/internal@^1.0.9",
        "jsr:@std/path@^1.1.1"
      ]
    },
    "@std/internal@1.0.7": {
      "integrity": "39eeb5265190a7bc5d5591c9ff019490bd1f2c3907c044a11b0d545796158a0f"
    },
    "@std/internal@1.0.10": {
      "integrity": "e3be62ce42cab0e177c27698e5d9800122f67b766a0bea6ca4867886cbde8cf7"
    },
    "@std/io@0.225.2": {
      "integrity": "3c740cd4ee4c082e6cfc86458f47e2ab7cb353dc6234d5e9b1f91a2de5f4d6c7",
      "dependencies": [
        "jsr:@std/bytes"
      ]
    },
    "@std/path@1.1.2": {
      "integrity": "c0b13b97dfe06546d5e16bf3966b1cadf92e1cc83e56ba5476ad8b498d9e3038",
      "dependencies": [
        "jsr:@std/internal@^1.0.10"
      ]
    },
    "@std/toml@1.0.8": {
      "integrity": "eb8ae76b4cc1c6c13f2a91123675823adbec2380de75cd3748c628960d952164",
      "dependencies": [
        "jsr:@std/collections"
      ]
    },
    "@std/yaml@1.0.9": {
      "integrity": "6bad3dc766dd85b4b37eabcba81b6aa4eac7a392792ae29abcfb0f90602d55bb"
    }
  },
  "npm": {
    "@faker-js/faker@9.9.0": {
      "integrity": "sha512-OEl393iCOoo/z8bMezRlJu+GlRGlsKbUAN7jKB6LhnKoqKve5DXRpalbItIIcwnCjs1k/FOPjFzcA6Qn+H+YbA=="
    },
    "@scale-codec/core@2.0.1": {
      "integrity": "sha512-3Ei7Gf3wNDrP5l7W/dEF9Q7Py1ttdNTFulzNNdFrqBw8v1khyC7SZIcYpsbAJ5uo/PDIhhK4FKOrK467I0vv4Q==",
      "dependencies": [
        "@scale-codec/enum",
        "@scale-codec/util"
      ]
    },
    "@scale-codec/enum@2.1.1": {
      "integrity": "sha512-n5mTWxc4wbeIBn+HlIXjeU7PtzUAY1hqX3Y+BTd5OOCds83+DA/qB+bikKCDZ+NjDHBMZo1667vXudxjMTIW3g=="
    },
    "@scale-codec/util@1.1.2": {
      "integrity": "sha512-Aali9gWoI1vOUUwk2H1FktstiInl6x5rjrPd3Am/b1WJV603NEI9QcJ7UGM7Eh42UjLD9e6H7E1ZF0yFnlRUUQ=="
    },
    "@types/node@22.15.15": {
      "integrity": "sha512-R5muMcZob3/Jjchn5LcO8jdKwSCbzqmPB6ruBxMcf9kbxtniZHP327s6C37iOfuw8mbKK3cAQa7sEl7afLrQ8A==",
      "dependencies": [
        "undici-types"
      ]
    },
    "atomic-sleep@1.0.0": {
      "integrity": "sha512-kNOjDqAh7px0XWNI+4QbzoiR/nTkHAWNud2uvnJquD1/x5a7EQZMJT0AczqK0Qn67oY/TTQ1LbUKajZpp3I9tQ=="
    },
    "colorette@2.0.20": {
      "integrity": "sha512-IfEDxwoWIjkeXL1eXcDiow4UbKjhLdq6/EuSVR9GMN7KVH3r9gQ83e73hsz1Nd1T3ijd5xv1wcWRYO+D6kCI2w=="
    },
    "dateformat@4.6.3": {
      "integrity": "sha512-2P0p0pFGzHS5EMnhdxQi7aJN+iMheud0UhG4dlE1DLAlvL8JHjJJTX/CSm4JXwV0Ka5nGk3zC5mcb5bUQUxxMA=="
    },
    "emittery@1.2.0": {
      "integrity": "sha512-KxdRyyFcS85pH3dnU8Y5yFUm2YJdaHwcBZWrfG8o89ZY9a13/f9itbN+YG3ELbBo9Pg5zvIozstmuV8bX13q6g=="
    },
    "end-of-stream@1.4.5": {
      "integrity": "sha512-ooEGc6HP26xXq/N+GCGOT0JKCLDGrq2bQUZrQ7gyrJiZANJ/8YDTxTpQBXGMn+WbIQXNVpyWymm7KYVICQnyOg==",
      "dependencies": [
        "once"
      ]
    },
    "fast-copy@3.0.2": {
      "integrity": "sha512-dl0O9Vhju8IrcLndv2eU4ldt1ftXMqqfgN4H1cpmGV7P6jeB9FwpN9a2c8DPGE1Ys88rNUJVYDHq73CGAGOPfQ=="
    },
    "fast-safe-stringify@2.1.1": {
      "integrity": "sha512-W+KJc2dmILlPplD/H4K9l9LcAHAfPtP6BY84uVLXQ6Evcz9Lcg33Y2z1IVblT6xdY54PXYVHEv+0Wpq8Io6zkA=="
    },
    "help-me@5.0.0": {
      "integrity": "sha512-7xgomUX6ADmcYzFik0HzAxh/73YlKR9bmFzf51CZwR+b6YtzU2m0u49hQCqV6SvlqIqsaxovfwdvbnsw3b/zpg=="
    },
    "joycon@3.1.1": {
      "integrity": "sha512-34wB/Y7MW7bzjKRjUKTa46I2Z7eV62Rkhva+KkopW7Qvv/OSWBqvkSY7vusOPrNuZcUG3tApvdVgNB8POj3SPw=="
    },
    "minimist@1.2.8": {
      "integrity": "sha512-2yyAR8qBkN3YuheJanUpWC5U3bb5osDywNB8RzDVlDwDHbocAJveqqj1u8+SVD7jkWT4yvsHCpWqqWqAxb0zCA=="
    },
    "on-exit-leak-free@2.1.2": {
      "integrity": "sha512-0eJJY6hXLGf1udHwfNftBqH+g73EU4B504nZeKpz1sYRKafAghwxEJunB2O7rDZkL4PGfsMVnTXZ2EjibbqcsA=="
    },
    "once@1.4.0": {
      "integrity": "sha512-lNaJgI+2Q5URQBkccEKHTQOPaXdUxnZZElQTZY0MFUAuaEqe1E+Nyvgdz/aIyNi6Z9MzO5dv1H8n58/GELp3+w==",
      "dependencies": [
        "wrappy"
      ]
    },
    "p-defer@4.0.1": {
      "integrity": "sha512-Mr5KC5efvAK5VUptYEIopP1bakB85k2IWXaRC0rsh1uwn1L6M0LVml8OIQ4Gudg4oyZakf7FmeRLkMMtZW1i5A=="
    },
    "pino-abstract-transport@2.0.0": {
      "integrity": "sha512-F63x5tizV6WCh4R6RHyi2Ml+M70DNRXt/+HANowMflpgGFMAym/VKm6G7ZOQRjqN7XbGxK1Lg9t6ZrtzOaivMw==",
      "dependencies": [
        "split2"
      ]
    },
    "pino-pretty@13.1.1": {
      "integrity": "sha512-TNNEOg0eA0u+/WuqH0MH0Xui7uqVk9D74ESOpjtebSQYbNWJk/dIxCXIxFsNfeN53JmtWqYHP2OrIZjT/CBEnA==",
      "dependencies": [
        "colorette",
        "dateformat",
        "fast-copy",
        "fast-safe-stringify",
        "help-me",
        "joycon",
        "minimist",
        "on-exit-leak-free",
        "pino-abstract-transport",
        "pump",
        "secure-json-parse",
        "sonic-boom",
        "strip-json-comments"
      ],
      "bin": true
    },
    "pino-std-serializers@7.0.0": {
      "integrity": "sha512-e906FRY0+tV27iq4juKzSYPbUj2do2X2JX4EzSca1631EB2QJQUqGbDuERal7LCtOpxl6x3+nvo9NPZcmjkiFA=="
    },
    "pino@10.0.0": {
      "integrity": "sha512-eI9pKwWEix40kfvSzqEP6ldqOoBIN7dwD/o91TY5z8vQI12sAffpR/pOqAD1IVVwIVHDpHjkq0joBPdJD0rafA==",
      "dependencies": [
        "atomic-sleep",
        "on-exit-leak-free",
        "pino-abstract-transport",
        "pino-std-serializers",
        "process-warning",
        "quick-format-unescaped",
        "real-require",
        "safe-stable-stringify",
        "slow-redact",
        "sonic-boom",
        "thread-stream"
      ],
      "bin": true
    },
    "process-warning@5.0.0": {
      "integrity": "sha512-a39t9ApHNx2L4+HBnQKqxxHNs1r7KF+Intd8Q/g1bUh6q0WIp9voPXJ/x0j+ZL45KF1pJd9+q2jLIRMfvEshkA=="
    },
    "pump@3.0.3": {
      "integrity": "sha512-todwxLMY7/heScKmntwQG8CXVkWUOdYxIvY2s0VWAAMh/nd8SoYiRaKjlr7+iCs984f2P8zvrfWcDDYVb73NfA==",
      "dependencies": [
        "end-of-stream",
        "once"
      ]
    },
    "quick-format-unescaped@4.0.4": {
      "integrity": "sha512-tYC1Q1hgyRuHgloV/YXs2w15unPVh8qfu/qCTfhTYamaw7fyhumKa2yGpdSo87vY32rIclj+4fWYQXUMs9EHvg=="
    },
    "real-require@0.2.0": {
      "integrity": "sha512-57frrGM/OCTLqLOAh0mhVA9VBMHd+9U7Zb2THMGdBUoZVOtGbJzjxsYGDJ3A9AYYCP4hn6y1TVbaOfzWtm5GFg=="
    },
    "safe-stable-stringify@2.5.0": {
      "integrity": "sha512-b3rppTKm9T+PsVCBEOUR46GWI7fdOs00VKZ1+9c1EWDaDMvjQc6tUwuFyIprgGgTcWoVHSKrU8H31ZHA2e0RHA=="
    },
    "secure-json-parse@4.1.0": {
      "integrity": "sha512-l4KnYfEyqYJxDwlNVyRfO2E4NTHfMKAWdUuA8J0yve2Dz/E/PdBepY03RvyJpssIpRFwJoCD55wA+mEDs6ByWA=="
    },
    "slow-redact@0.3.1": {
      "integrity": "sha512-NvFvl1GuLZNW4U046Tfi8b26zXo8aBzgCAS2f7yVJR/fArN93mOqSA99cB9uITm92ajSz01bsu1K7SCVVjIMpQ=="
    },
    "sonic-boom@4.2.0": {
      "integrity": "sha512-INb7TM37/mAcsGmc9hyyI6+QR3rR1zVRu36B0NeGXKnOOLiZOfER5SA+N7X7k3yUYRzLWafduTDvJAfDswwEww==",
      "dependencies": [
        "atomic-sleep"
      ]
    },
    "split2@4.2.0": {
      "integrity": "sha512-UcjcJOWknrNkF6PLX83qcHM6KHgVKNkV62Y8a5uYDVv9ydGQVwAHMKqHdJje1VTWpljG0WYpCDhrCdAOYH4TWg=="
    },
    "strip-json-comments@5.0.3": {
      "integrity": "sha512-1tB5mhVo7U+ETBKNf92xT4hrQa3pm0MZ0PQvuDnWgAAGHDsfp4lPSpiS6psrSiet87wyGPh9ft6wmhOMQ0hDiw=="
    },
    "thread-stream@3.1.0": {
      "integrity": "sha512-OqyPZ9u96VohAyMfJykzmivOrY2wfMSf3C5TtFJVgN+Hm6aj+voFhlK+kZEIv2FBh1X6Xp3DlnCOfEQ3B2J86A==",
      "dependencies": [
        "real-require"
      ]
    },
    "true-myth@9.0.1": {
      "integrity": "sha512-8ePgamjgV3CKDI43o6eUtid+9iadfEKUiu2WTucbeCnPTyDOQpZ4svCuozLwm9S4hzUolOclsUCJf3yjQg3g/Q=="
    },
    "ts-pattern@5.8.0": {
      "integrity": "sha512-kIjN2qmWiHnhgr5DAkAafF9fwb0T5OhMVSWrm8XEdTFnX6+wfXwYOFjeF86UZ54vduqiR7BfqScFmXSzSaH8oA=="
    },
    "type-fest@4.41.0": {
      "integrity": "sha512-TeTSQ6H5YHvpqVwBRcnLDCBnDOHWYu7IvGbHT6N8AOymcr9PJGjc1GTtiWZTYg0NCgYwvnYWEkVChQAr9bjfwA=="
    },
    "undici-types@6.21.0": {
      "integrity": "sha512-iwDZqg0QAGrg9Rav5H4n0M64c3mkR59cJ6wQp+7C4nI0gsmExaedaYLNO44eT4AtBBwjbTiGPMlt2Md0T9H9JQ=="
    },
    "wrappy@1.0.2": {
      "integrity": "sha512-l4Sp/DRseor9wL6EvV2+TuQn63dMkPjZ/sp9XkghTEbV9KlPS1xUsZ3u7/IQO4wxtcFB4bgpQPRcR3QCvezPcQ=="
    },
    "zod@4.1.11": {
      "integrity": "sha512-WPsqwxITS2tzx1bzhIKsEs19ABD5vmCVa4xBo2tq/SrV4RNZtfws1EnCWQXM6yh8bD08a1idvkB5MZSBiZsjwg=="
    }
  },
  "workspace": {
    "dependencies": [
      "jsr:@david/dax@~0.43.2",
      "jsr:@iroha/client@0.5.0-alpha",
      "jsr:@iroha/core@0.5.0-alpha",
      "jsr:@std/assert@^1.0.13",
      "jsr:@std/async@^1.0.14",
      "jsr:@std/fs@^1.0.19",
      "jsr:@std/path@^1.1.1",
      "jsr:@std/toml@^1.0.8",
      "jsr:@std/yaml@^1.0.9",
      "npm:@faker-js/faker@^9.9.0",
      "npm:pino-pretty@^13.1.1",
      "npm:pino@10",
      "npm:true-myth@^9.0.1",
      "npm:ts-pattern@^5.8.0",
      "npm:zod@^4.1.11"
    ]
  }
}
